// !$*UTF8*$!
{
	archiveVersion = 1;
	classes = {
	};
	objectVersion = 46;
	objects = {

/* Begin PBXBuildFile section */
		4E3BE9851ED6AD0F00F31104 /* GLUT.framework in Frameworks */ = {isa = PBXBuildFile; fileRef = 4E3BE9841ED6AD0F00F31104 /* GLUT.framework */; };
		4E3BEA821ED7DCF000F31104 /* Shader.fsh in Resources */ = {isa = PBXBuildFile; fileRef = 4E3BEA801ED7DCF000F31104 /* Shader.fsh */; };
		4E3BEA831ED7DCF000F31104 /* Shader.vsh in Resources */ = {isa = PBXBuildFile; fileRef = 4E3BEA811ED7DCF000F31104 /* Shader.vsh */; };
		4E3BEA861ED7DD1D00F31104 /* YUVView.m in Sources */ = {isa = PBXBuildFile; fileRef = 4E3BEA851ED7DD1D00F31104 /* YUVView.m */; };
		4EEE80E71ED66546008E43B3 /* AppDelegate.m in Sources */ = {isa = PBXBuildFile; fileRef = 4EEE80E61ED66546008E43B3 /* AppDelegate.m */; };
		4EEE80EA1ED66546008E43B3 /* main.m in Sources */ = {isa = PBXBuildFile; fileRef = 4EEE80E91ED66546008E43B3 /* main.m */; };
		4EEE80ED1ED66546008E43B3 /* ViewController.m in Sources */ = {isa = PBXBuildFile; fileRef = 4EEE80EC1ED66546008E43B3 /* ViewController.m */; };
		4EEE80EF1ED66546008E43B3 /* Assets.xcassets in Resources */ = {isa = PBXBuildFile; fileRef = 4EEE80EE1ED66546008E43B3 /* Assets.xcassets */; };
		4EEE80F21ED66546008E43B3 /* Main.storyboard in Resources */ = {isa = PBXBuildFile; fileRef = 4EEE80F01ED66546008E43B3 /* Main.storyboard */; };
		4EEE80FD1ED66546008E43B3 /* MAC_YUVTests.m in Sources */ = {isa = PBXBuildFile; fileRef = 4EEE80FC1ED66546008E43B3 /* MAC_YUVTests.m */; };
		4EEE81081ED66546008E43B3 /* MAC_YUVUITests.m in Sources */ = {isa = PBXBuildFile; fileRef = 4EEE81071ED66546008E43B3 /* MAC_YUVUITests.m */; };
		4EEE82B81ED68509008E43B3 /* file.yuv in Resources */ = {isa = PBXBuildFile; fileRef = 4EEE82B71ED68509008E43B3 /* file.yuv */; };
/* End PBXBuildFile section */

/* Begin PBXContainerItemProxy section */
		4EEE80F91ED66546008E43B3 /* PBXContainerItemProxy */ = {
			isa = PBXContainerItemProxy;
			containerPortal = 4EEE80DA1ED66546008E43B3 /* Project object */;
			proxyType = 1;
			remoteGlobalIDString = 4EEE80E11ED66546008E43B3;
			remoteInfo = MAC_YUV;
		};
		4EEE81041ED66546008E43B3 /* PBXContainerItemProxy */ = {
			isa = PBXContainerItemProxy;
			containerPortal = 4EEE80DA1ED66546008E43B3 /* Project object */;
			proxyType = 1;
			remoteGlobalIDString = 4EEE80E11ED66546008E43B3;
			remoteInfo = MAC_YUV;
		};
/* End PBXContainerItemProxy section */

/* Begin PBXFileReference section */
		4E3BE9841ED6AD0F00F31104 /* GLUT.framework */ = {isa = PBXFileReference; lastKnownFileType = wrapper.framework; name = GLUT.framework; path = System/Library/Frameworks/GLUT.framework; sourceTree = SDKROOT; };
		4E3BEA801ED7DCF000F31104 /* Shader.fsh */ = {isa = PBXFileReference; fileEncoding = 4; lastKnownFileType = sourcecode.glsl; path = Shader.fsh; sourceTree = "<group>"; };
		4E3BEA811ED7DCF000F31104 /* Shader.vsh */ = {isa = PBXFileReference; fileEncoding = 4; lastKnownFileType = sourcecode.glsl; path = Shader.vsh; sourceTree = "<group>"; };
		4E3BEA841ED7DD1D00F31104 /* YUVView.h */ = {isa = PBXFileReference; fileEncoding = 4; lastKnownFileType = sourcecode.c.h; path = YUVView.h; sourceTree = "<group>"; };
		4E3BEA851ED7DD1D00F31104 /* YUVView.m */ = {isa = PBXFileReference; fileEncoding = 4; lastKnownFileType = sourcecode.c.objc; path = YUVView.m; sourceTree = "<group>"; };
		4EEE80E21ED66546008E43B3 /* MAC_YUV.app */ = {isa = PBXFileReference; explicitFileType = wrapper.application; includeInIndex = 0; path = MAC_YUV.app; sourceTree = BUILT_PRODUCTS_DIR; };
		4EEE80E51ED66546008E43B3 /* AppDelegate.h */ = {isa = PBXFileReference; lastKnownFileType = sourcecode.c.h; path = AppDelegate.h; sourceTree = "<group>"; };
		4EEE80E61ED66546008E43B3 /* AppDelegate.m */ = {isa = PBXFileReference; lastKnownFileType = sourcecode.c.objc; path = AppDelegate.m; sourceTree = "<group>"; };
		4EEE80E91ED66546008E43B3 /* main.m */ = {isa = PBXFileReference; lastKnownFileType = sourcecode.c.objc; path = main.m; sourceTree = "<group>"; };
		4EEE80EB1ED66546008E43B3 /* ViewController.h */ = {isa = PBXFileReference; lastKnownFileType = sourcecode.c.h; path = ViewController.h; sourceTree = "<group>"; };
		4EEE80EC1ED66546008E43B3 /* ViewController.m */ = {isa = PBXFileReference; lastKnownFileType = sourcecode.c.objc; path = ViewController.m; sourceTree = "<group>"; };
		4EEE80EE1ED66546008E43B3 /* Assets.xcassets */ = {isa = PBXFileReference; lastKnownFileType = folder.assetcatalog; path = Assets.xcassets; sourceTree = "<group>"; };
		4EEE80F11ED66546008E43B3 /* Base */ = {isa = PBXFileReference; lastKnownFileType = file.storyboard; name = Base; path = Base.lproj/Main.storyboard; sourceTree = "<group>"; };
		4EEE80F31ED66546008E43B3 /* Info.plist */ = {isa = PBXFileReference; lastKnownFileType = text.plist.xml; path = Info.plist; sourceTree = "<group>"; };
		4EEE80F81ED66546008E43B3 /* MAC_YUVTests.xctest */ = {isa = PBXFileReference; explicitFileType = wrapper.cfbundle; includeInIndex = 0; path = MAC_YUVTests.xctest; sourceTree = BUILT_PRODUCTS_DIR; };
		4EEE80FC1ED66546008E43B3 /* MAC_YUVTests.m */ = {isa = PBXFileReference; lastKnownFileType = sourcecode.c.objc; path = MAC_YUVTests.m; sourceTree = "<group>"; };
		4EEE80FE1ED66546008E43B3 /* Info.plist */ = {isa = PBXFileReference; lastKnownFileType = text.plist.xml; path = Info.plist; sourceTree = "<group>"; };
		4EEE81031ED66546008E43B3 /* MAC_YUVUITests.xctest */ = {isa = PBXFileReference; explicitFileType = wrapper.cfbundle; includeInIndex = 0; path = MAC_YUVUITests.xctest; sourceTree = BUILT_PRODUCTS_DIR; };
		4EEE81071ED66546008E43B3 /* MAC_YUVUITests.m */ = {isa = PBXFileReference; lastKnownFileType = sourcecode.c.objc; path = MAC_YUVUITests.m; sourceTree = "<group>"; };
		4EEE81091ED66546008E43B3 /* Info.plist */ = {isa = PBXFileReference; lastKnownFileType = text.plist.xml; path = Info.plist; sourceTree = "<group>"; };
		4EEE82B71ED68509008E43B3 /* file.yuv */ = {isa = PBXFileReference; fileEncoding = 4; lastKnownFileType = text; path = file.yuv; sourceTree = "<group>"; };
/* End PBXFileReference section */

/* Begin PBXFrameworksBuildPhase section */
		4EEE80DF1ED66546008E43B3 /* Frameworks */ = {
			isa = PBXFrameworksBuildPhase;
			buildActionMask = 2147483647;
			files = (
				4E3BE9851ED6AD0F00F31104 /* GLUT.framework in Frameworks */,
			);
			runOnlyForDeploymentPostprocessing = 0;
		};
		4EEE80F51ED66546008E43B3 /* Frameworks */ = {
			isa = PBXFrameworksBuildPhase;
			buildActionMask = 2147483647;
			files = (
			);
			runOnlyForDeploymentPostprocessing = 0;
		};
		4EEE81001ED66546008E43B3 /* Frameworks */ = {
			isa = PBXFrameworksBuildPhase;
			buildActionMask = 2147483647;
			files = (
			);
			runOnlyForDeploymentPostprocessing = 0;
		};
/* End PBXFrameworksBuildPhase section */

/* Begin PBXGroup section */
		4E3BE9831ED6AD0F00F31104 /* Frameworks */ = {
			isa = PBXGroup;
			children = (
				4E3BE9841ED6AD0F00F31104 /* GLUT.framework */,
			);
			name = Frameworks;
			sourceTree = "<group>";
		};
		4EEE80D91ED66546008E43B3 = {
			isa = PBXGroup;
			children = (
				4EEE80E41ED66546008E43B3 /* MAC_YUV */,
				4EEE80FB1ED66546008E43B3 /* MAC_YUVTests */,
				4EEE81061ED66546008E43B3 /* MAC_YUVUITests */,
				4EEE80E31ED66546008E43B3 /* Products */,
				4E3BE9831ED6AD0F00F31104 /* Frameworks */,
			);
			sourceTree = "<group>";
		};
		4EEE80E31ED66546008E43B3 /* Products */ = {
			isa = PBXGroup;
			children = (
				4EEE80E21ED66546008E43B3 /* MAC_YUV.app */,
				4EEE80F81ED66546008E43B3 /* MAC_YUVTests.xctest */,
				4EEE81031ED66546008E43B3 /* MAC_YUVUITests.xctest */,
			);
			name = Products;
			sourceTree = "<group>";
		};
		4EEE80E41ED66546008E43B3 /* MAC_YUV */ = {
			isa = PBXGroup;
			children = (
				4EEE80E51ED66546008E43B3 /* AppDelegate.h */,
				4EEE80E61ED66546008E43B3 /* AppDelegate.m */,
				4EEE80EB1ED66546008E43B3 /* ViewController.h */,
				4EEE80EC1ED66546008E43B3 /* ViewController.m */,
				4E3BEA841ED7DD1D00F31104 /* YUVView.h */,
				4E3BEA851ED7DD1D00F31104 /* YUVView.m */,
				4E3BEA801ED7DCF000F31104 /* Shader.fsh */,
				4E3BEA811ED7DCF000F31104 /* Shader.vsh */,
				4EEE82B71ED68509008E43B3 /* file.yuv */,
				4EEE80EE1ED66546008E43B3 /* Assets.xcassets */,
				4EEE80F01ED66546008E43B3 /* Main.storyboard */,
				4EEE80F31ED66546008E43B3 /* Info.plist */,
				4EEE80E81ED66546008E43B3 /* Supporting Files */,
			);
			path = MAC_YUV;
			sourceTree = "<group>";
		};
		4EEE80E81ED66546008E43B3 /* Supporting Files */ = {
			isa = PBXGroup;
			children = (
				4EEE80E91ED66546008E43B3 /* main.m */,
			);
			name = "Supporting Files";
			sourceTree = "<group>";
		};
		4EEE80FB1ED66546008E43B3 /* MAC_YUVTests */ = {
			isa = PBXGroup;
			children = (
				4EEE80FC1ED66546008E43B3 /* MAC_YUVTests.m */,
				4EEE80FE1ED66546008E43B3 /* Info.plist */,
			);
			path = MAC_YUVTests;
			sourceTree = "<group>";
		};
		4EEE81061ED66546008E43B3 /* MAC_YUVUITests */ = {
			isa = PBXGroup;
			children = (
				4EEE81071ED66546008E43B3 /* MAC_YUVUITests.m */,
				4EEE81091ED66546008E43B3 /* Info.plist */,
			);
			path = MAC_YUVUITests;
			sourceTree = "<group>";
		};
/* End PBXGroup section */

/* Begin PBXNativeTarget section */
		4EEE80E11ED66546008E43B3 /* MAC_YUV */ = {
			isa = PBXNativeTarget;
			buildConfigurationList = 4EEE810C1ED66546008E43B3 /* Build configuration list for PBXNativeTarget "MAC_YUV" */;
			buildPhases = (
				4EEE80DE1ED66546008E43B3 /* Sources */,
				4EEE80DF1ED66546008E43B3 /* Frameworks */,
				4EEE80E01ED66546008E43B3 /* Resources */,
			);
			buildRules = (
			);
			dependencies = (
			);
			name = MAC_YUV;
			productName = MAC_YUV;
			productReference = 4EEE80E21ED66546008E43B3 /* MAC_YUV.app */;
			productType = "com.apple.product-type.application";
		};
		4EEE80F71ED66546008E43B3 /* MAC_YUVTests */ = {
			isa = PBXNativeTarget;
			buildConfigurationList = 4EEE810F1ED66546008E43B3 /* Build configuration list for PBXNativeTarget "MAC_YUVTests" */;
			buildPhases = (
				4EEE80F41ED66546008E43B3 /* Sources */,
				4EEE80F51ED66546008E43B3 /* Frameworks */,
				4EEE80F61ED66546008E43B3 /* Resources */,
			);
			buildRules = (
			);
			dependencies = (
				4EEE80FA1ED66546008E43B3 /* PBXTargetDependency */,
			);
			name = MAC_YUVTests;
			productName = MAC_YUVTests;
			productReference = 4EEE80F81ED66546008E43B3 /* MAC_YUVTests.xctest */;
			productType = "com.apple.product-type.bundle.unit-test";
		};
		4EEE81021ED66546008E43B3 /* MAC_YUVUITests */ = {
			isa = PBXNativeTarget;
			buildConfigurationList = 4EEE81121ED66546008E43B3 /* Build configuration list for PBXNativeTarget "MAC_YUVUITests" */;
			buildPhases = (
				4EEE80FF1ED66546008E43B3 /* Sources */,
				4EEE81001ED66546008E43B3 /* Frameworks */,
				4EEE81011ED66546008E43B3 /* Resources */,
			);
			buildRules = (
			);
			dependencies = (
				4EEE81051ED66546008E43B3 /* PBXTargetDependency */,
			);
			name = MAC_YUVUITests;
			productName = MAC_YUVUITests;
			productReference = 4EEE81031ED66546008E43B3 /* MAC_YUVUITests.xctest */;
			productType = "com.apple.product-type.bundle.ui-testing";
		};
/* End PBXNativeTarget section */

/* Begin PBXProject section */
		4EEE80DA1ED66546008E43B3 /* Project object */ = {
			isa = PBXProject;
			attributes = {
				LastUpgradeCheck = 0830;
				ORGANIZATIONNAME = "Ruiwen Feng";
				TargetAttributes = {
					4EEE80E11ED66546008E43B3 = {
						CreatedOnToolsVersion = 8.3.2;
						DevelopmentTeam = 5E8LWHA5V7;
						ProvisioningStyle = Automatic;
					};
					4EEE80F71ED66546008E43B3 = {
						CreatedOnToolsVersion = 8.3.2;
						DevelopmentTeam = 5E8LWHA5V7;
						ProvisioningStyle = Automatic;
						TestTargetID = 4EEE80E11ED66546008E43B3;
					};
					4EEE81021ED66546008E43B3 = {
						CreatedOnToolsVersion = 8.3.2;
						DevelopmentTeam = 5E8LWHA5V7;
						ProvisioningStyle = Automatic;
						TestTargetID = 4EEE80E11ED66546008E43B3;
					};
				};
			};
			buildConfigurationList = 4EEE80DD1ED66546008E43B3 /* Build configuration list for PBXProject "MAC_YUV" */;
			compatibilityVersion = "Xcode 3.2";
			developmentRegion = English;
			hasScannedForEncodings = 0;
			knownRegions = (
				en,
				Base,
			);
			mainGroup = 4EEE80D91ED66546008E43B3;
			productRefGroup = 4EEE80E31ED66546008E43B3 /* Products */;
			projectDirPath = "";
			projectRoot = "";
			targets = (
				4EEE80E11ED66546008E43B3 /* MAC_YUV */,
				4EEE80F71ED66546008E43B3 /* MAC_YUVTests */,
				4EEE81021ED66546008E43B3 /* MAC_YUVUITests */,
			);
		};
/* End PBXProject section */

/* Begin PBXResourcesBuildPhase section */
		4EEE80E01ED66546008E43B3 /* Resources */ = {
			isa = PBXResourcesBuildPhase;
			buildActionMask = 2147483647;
			files = (
				4E3BEA821ED7DCF000F31104 /* Shader.fsh in Resources */,
				4EEE82B81ED68509008E43B3 /* file.yuv in Resources */,
				4EEE80EF1ED66546008E43B3 /* Assets.xcassets in Resources */,
				4EEE80F21ED66546008E43B3 /* Main.storyboard in Resources */,
				4E3BEA831ED7DCF000F31104 /* Shader.vsh in Resources */,
			);
			runOnlyForDeploymentPostprocessing = 0;
		};
		4EEE80F61ED66546008E43B3 /* Resources */ = {
			isa = PBXResourcesBuildPhase;
			buildActionMask = 2147483647;
			files = (
			);
			runOnlyForDeploymentPostprocessing = 0;
		};
		4EEE81011ED66546008E43B3 /* Resources */ = {
			isa = PBXResourcesBuildPhase;
			buildActionMask = 2147483647;
			files = (
			);
			runOnlyForDeploymentPostprocessing = 0;
		};
/* End PBXResourcesBuildPhase section */

/* Begin PBXSourcesBuildPhase section */
		4EEE80DE1ED66546008E43B3 /* Sources */ = {
			isa = PBXSourcesBuildPhase;
			buildActionMask = 2147483647;
			files = (
				4EEE80ED1ED66546008E43B3 /* ViewController.m in Sources */,
				4EEE80EA1ED66546008E43B3 /* main.m in Sources */,
				4EEE80E71ED66546008E43B3 /* AppDelegate.m in Sources */,
				4E3BEA861ED7DD1D00F31104 /* YUVView.m in Sources */,
			);
			runOnlyForDeploymentPostprocessing = 0;
		};
		4EEE80F41ED66546008E43B3 /* Sources */ = {
			isa = PBXSourcesBuildPhase;
			buildActionMask = 2147483647;
			files = (
				4EEE80FD1ED66546008E43B3 /* MAC_YUVTests.m in Sources */,
			);
			runOnlyForDeploymentPostprocessing = 0;
		};
		4EEE80FF1ED66546008E43B3 /* Sources */ = {
			isa = PBXSourcesBuildPhase;
			buildActionMask = 2147483647;
			files = (
				4EEE81081ED66546008E43B3 /* MAC_YUVUITests.m in Sources */,
			);
			runOnlyForDeploymentPostprocessing = 0;
		};
/* End PBXSourcesBuildPhase section */

/* Begin PBXTargetDependency section */
		4EEE80FA1ED66546008E43B3 /* PBXTargetDependency */ = {
			isa = PBXTargetDependency;
			target = 4EEE80E11ED66546008E43B3 /* MAC_YUV */;
			targetProxy = 4EEE80F91ED66546008E43B3 /* PBXContainerItemProxy */;
		};
		4EEE81051ED66546008E43B3 /* PBXTargetDependency */ = {
			isa = PBXTargetDependency;
			target = 4EEE80E11ED66546008E43B3 /* MAC_YUV */;
			targetProxy = 4EEE81041ED66546008E43B3 /* PBXContainerItemProxy */;
		};
/* End PBXTargetDependency section */

/* Begin PBXVariantGroup section */
		4EEE80F01ED66546008E43B3 /* Main.storyboard */ = {
			isa = PBXVariantGroup;
			children = (
				4EEE80F11ED66546008E43B3 /* Base */,
			);
			name = Main.storyboard;
			sourceTree = "<group>";
		};
/* End PBXVariantGroup section */

/* Begin XCBuildConfiguration section */
		4EEE810A1ED66546008E43B3 /* Debug */ = {
			isa = XCBuildConfiguration;
			buildSettings = {
				ALWAYS_SEARCH_USER_PATHS = NO;
				CLANG_ANALYZER_NONNULL = YES;
				CLANG_ANALYZER_NUMBER_OBJECT_CONVERSION = YES_AGGRESSIVE;
				CLANG_CXX_LANGUAGE_STANDARD = "gnu++0x";
				CLANG_CXX_LIBRARY = "libc++";
				CLANG_ENABLE_MODULES = YES;
				CLANG_ENABLE_OBJC_ARC = YES;
				CLANG_WARN_BOOL_CONVERSION = YES;
				CLANG_WARN_CONSTANT_CONVERSION = YES;
				CLANG_WARN_DIRECT_OBJC_ISA_USAGE = YES_ERROR;
				CLANG_WARN_DOCUMENTATION_COMMENTS = YES;
				CLANG_WARN_EMPTY_BODY = YES;
				CLANG_WARN_ENUM_CONVERSION = YES;
				CLANG_WARN_INFINITE_RECURSION = YES;
				CLANG_WARN_INT_CONVERSION = YES;
				CLANG_WARN_OBJC_ROOT_CLASS = YES_ERROR;
				CLANG_WARN_SUSPICIOUS_MOVE = YES;
				CLANG_WARN_UNREACHABLE_CODE = YES;
				CLANG_WARN__DUPLICATE_METHOD_MATCH = YES;
				CODE_SIGN_IDENTITY = "-";
				COPY_PHASE_STRIP = NO;
				DEBUG_INFORMATION_FORMAT = dwarf;
				ENABLE_STRICT_OBJC_MSGSEND = YES;
				ENABLE_TESTABILITY = YES;
				GCC_C_LANGUAGE_STANDARD = gnu99;
				GCC_DYNAMIC_NO_PIC = NO;
				GCC_NO_COMMON_BLOCKS = YES;
				GCC_OPTIMIZATION_LEVEL = 0;
				GCC_PREPROCESSOR_DEFINITIONS = (
					"DEBUG=1",
					"$(inherited)",
				);
				GCC_WARN_64_TO_32_BIT_CONVERSION = YES;
				GCC_WARN_ABOUT_RETURN_TYPE = YES_ERROR;
				GCC_WARN_UNDECLARED_SELECTOR = YES;
				GCC_WARN_UNINITIALIZED_AUTOS = YES_AGGRESSIVE;
				GCC_WARN_UNUSED_FUNCTION = YES;
				GCC_WARN_UNUSED_VARIABLE = YES;
				MACOSX_DEPLOYMENT_TARGET = 10.12;
				MTL_ENABLE_DEBUG_INFO = YES;
				ONLY_ACTIVE_ARCH = YES;
				SDKROOT = macosx;
			};
			name = Debug;
		};
		4EEE810B1ED66546008E43B3 /* Release */ = {
			isa = XCBuildConfiguration;
			buildSettings = {
				ALWAYS_SEARCH_USER_PATHS = NO;
				CLANG_ANALYZER_NONNULL = YES;
				CLANG_ANALYZER_NUMBER_OBJECT_CONVERSION = YES_AGGRESSIVE;
				CLANG_CXX_LANGUAGE_STANDARD = "gnu++0x";
				CLANG_CXX_LIBRARY = "libc++";
				CLANG_ENABLE_MODULES = YES;
				CLANG_ENABLE_OBJC_ARC = YES;
				CLANG_WARN_BOOL_CONVERSION = YES;
				CLANG_WARN_CONSTANT_CONVERSION = YES;
				CLANG_WARN_DIRECT_OBJC_ISA_USAGE = YES_ERROR;
				CLANG_WARN_DOCUMENTATION_COMMENTS = YES;
				CLANG_WARN_EMPTY_BODY = YES;
				CLANG_WARN_ENUM_CONVERSION = YES;
				CLANG_WARN_INFINITE_RECURSION = YES;
				CLANG_WARN_INT_CONVERSION = YES;
				CLANG_WARN_OBJC_ROOT_CLASS = YES_ERROR;
				CLANG_WARN_SUSPICIOUS_MOVE = YES;
				CLANG_WARN_UNREACHABLE_CODE = YES;
				CLANG_WARN__DUPLICATE_METHOD_MATCH = YES;
				CODE_SIGN_IDENTITY = "-";
				COPY_PHASE_STRIP = NO;
				DEBUG_INFORMATION_FORMAT = "dwarf-with-dsym";
				ENABLE_NS_ASSERTIONS = NO;
				ENABLE_STRICT_OBJC_MSGSEND = YES;
				GCC_C_LANGUAGE_STANDARD = gnu99;
				GCC_NO_COMMON_BLOCKS = YES;
				GCC_WARN_64_TO_32_BIT_CONVERSION = YES;
				GCC_WARN_ABOUT_RETURN_TYPE = YES_ERROR;
				GCC_WARN_UNDECLARED_SELECTOR = YES;
				GCC_WARN_UNINITIALIZED_AUTOS = YES_AGGRESSIVE;
				GCC_WARN_UNUSED_FUNCTION = YES;
				GCC_WARN_UNUSED_VARIABLE = YES;
				MACOSX_DEPLOYMENT_TARGET = 10.12;
				MTL_ENABLE_DEBUG_INFO = NO;
				SDKROOT = macosx;
			};
			name = Release;
		};
		4EEE810D1ED66546008E43B3 /* Debug */ = {
			isa = XCBuildConfiguration;
			buildSettings = {
				ASSETCATALOG_COMPILER_APPICON_NAME = AppIcon;
				COMBINE_HIDPI_IMAGES = YES;
				DEVELOPMENT_TEAM = 5E8LWHA5V7;
				INFOPLIST_FILE = MAC_YUV/Info.plist;
				LD_RUNPATH_SEARCH_PATHS = "$(inherited) @executable_path/../Frameworks";
				PRODUCT_BUNDLE_IDENTIFIER = "mihua.MAC-YUV";
				PRODUCT_NAME = "$(TARGET_NAME)";
			};
			name = Debug;
		};
		4EEE810E1ED66546008E43B3 /* Release */ = {
			isa = XCBuildConfiguration;
			buildSettings = {
				ASSETCATALOG_COMPILER_APPICON_NAME = AppIcon;
				COMBINE_HIDPI_IMAGES = YES;
				DEVELOPMENT_TEAM = 5E8LWHA5V7;
				INFOPLIST_FILE = MAC_YUV/Info.plist;
				LD_RUNPATH_SEARCH_PATHS = "$(inherited) @executable_path/../Frameworks";
				PRODUCT_BUNDLE_IDENTIFIER = "mihua.MAC-YUV";
				PRODUCT_NAME = "$(TARGET_NAME)";
			};
			name = Release;
		};
		4EEE81101ED66546008E43B3 /* Debug */ = {
			isa = XCBuildConfiguration;
			buildSettings = {
				BUNDLE_LOADER = "$(TEST_HOST)";
				COMBINE_HIDPI_IMAGES = YES;
				DEVELOPMENT_TEAM = 5E8LWHA5V7;
				INFOPLIST_FILE = MAC_YUVTests/Info.plist;
				LD_RUNPATH_SEARCH_PATHS = "$(inherited) @executable_path/../Frameworks @loader_path/../Frameworks";
				PRODUCT_BUNDLE_IDENTIFIER = "mihua.MAC-YUVTests";
				PRODUCT_NAME = "$(TARGET_NAME)";
				TEST_HOST = "$(BUILT_PRODUCTS_DIR)/MAC_YUV.app/Contents/MacOS/MAC_YUV";
			};
			name = Debug;
		};
		4EEE81111ED66546008E43B3 /* Release */ = {
			isa = XCBuildConfiguration;
			buildSettings = {
				BUNDLE_LOADER = "$(TEST_HOST)";
				COMBINE_HIDPI_IMAGES = YES;
				DEVELOPMENT_TEAM = 5E8LWHA5V7;
				INFOPLIST_FILE = MAC_YUVTests/Info.plist;
				LD_RUNPATH_SEARCH_PATHS = "$(inherited) @executable_path/../Frameworks @loader_path/../Frameworks";
				PRODUCT_BUNDLE_IDENTIFIER = "mihua.MAC-YUVTests";
				PRODUCT_NAME = "$(TARGET_NAME)";
				TEST_HOST = "$(BUILT_PRODUCTS_DIR)/MAC_YUV.app/Contents/MacOS/MAC_YUV";
			};
			name = Release;
		};
		4EEE81131ED66546008E43B3 /* Debug */ = {
			isa = XCBuildConfiguration;
			buildSettings = {
				COMBINE_HIDPI_IMAGES = YES;
				DEVELOPMENT_TEAM = 5E8LWHA5V7;
				INFOPLIST_FILE = MAC_YUVUITests/Info.plist;
				LD_RUNPATH_SEARCH_PATHS = "$(inherited) @executable_path/../Frameworks @loader_path/../Frameworks";
				PRODUCT_BUNDLE_IDENTIFIER = "mihua.MAC-YUVUITests";
				PRODUCT_NAME = "$(TARGET_NAME)";
				TEST_TARGET_NAME = MAC_YUV;
			};
			name = Debug;
		};
		4EEE81141ED66546008E43B3 /* Release */ = {
			isa = XCBuildConfiguration;
			buildSettings = {
				COMBINE_HIDPI_IMAGES = YES;
				DEVELOPMENT_TEAM = 5E8LWHA5V7;
				INFOPLIST_FILE = MAC_YUVUITests/Info.plist;
				LD_RUNPATH_SEARCH_PATHS = "$(inherited) @executable_path/../Frameworks @loader_path/../Frameworks";
				PRODUCT_BUNDLE_IDENTIFIER = "mihua.MAC-YUVUITests";
				PRODUCT_NAME = "$(TARGET_NAME)";
				TEST_TARGET_NAME = MAC_YUV;
			};
			name = Release;
		};
/* End XCBuildConfiguration section */

/* Begin XCConfigurationList section */
		4EEE80DD1ED66546008E43B3 /* Build configuration list for PBXProject "MAC_YUV" */ = {
			isa = XCConfigurationList;
			buildConfigurations = (
				4EEE810A1ED66546008E43B3 /* Debug */,
				4EEE810B1ED66546008E43B3 /* Release */,
			);
			defaultConfigurationIsVisible = 0;
			defaultConfigurationName = Release;
		};
		4EEE810C1ED66546008E43B3 /* Build configuration list for PBXNativeTarget "MAC_YUV" */ = {
			isa = XCConfigurationList;
			buildConfigurations = (
				4EEE810D1ED66546008E43B3 /* Debug */,
				4EEE810E1ED66546008E43B3 /* Release */,
			);
			defaultConfigurationIsVisible = 0;
			defaultConfigurationName = Release;
		};
		4EEE810F1ED66546008E43B3 /* Build configuration list for PBXNativeTarget "MAC_YUVTests" */ = {
			isa = XCConfigurationList;
			buildConfigurations = (
				4EEE81101ED66546008E43B3 /* Debug */,
				4EEE81111ED66546008E43B3 /* Release */,
			);
			defaultConfigurationIsVisible = 0;
			defaultConfigurationName = Release;
		};
		4EEE81121ED66546008E43B3 /* Build configuration list for PBXNativeTarget "MAC_YUVUITests" */ = {
			isa = XCConfigurationList;
			buildConfigurations = (
				4EEE81131ED66546008E43B3 /* Debug */,
				4EEE81141ED66546008E43B3 /* Release */,
			);
			defaultConfigurationIsVisible = 0;
			defaultConfigurationName = Release;
		};
/* End XCConfigurationList section */
	};
	rootObject = 4EEE80DA1ED66546008E43B3 /* Project object */;
}
